
Microsoft Visual Studio Solution File, Format Version 12.00
# Visual Studio Version 17
VisualStudioVersion = 17.14.36804.6 d17.14
MinimumVisualStudioVersion = 10.0.40219.1
Project("{FAE04EC0-301F-11D3-BF4B-00C04F79EFBC}") = "BazaR.Backend.Api", "BazaR.Backend.Api\BazaR.Backend.Api.csproj", "{742ADAE0-E4AF-4C88-82B2-A3008D92E68A}"
EndProject
Project("{E53339B2-1760-4266-BCC7-CA923CBCF16C}") = "docker-compose", "docker-compose.dcproj", "{81DDED9D-158B-E303-5F62-77A2896D2A5A}"
EndProject
Global
	GlobalSection(SolutionConfigurationPlatforms) = preSolution
		Debug|Any CPU = Debug|Any CPU
		Release|Any CPU = Release|Any CPU
	EndGlobalSection
	GlobalSection(ProjectConfigurationPlatforms) = postSolution
		{742ADAE0-E4AF-4C88-82B2-A3008D92E68A}.Debug|Any CPU.ActiveCfg = Debug|Any CPU
		{742ADAE0-E4AF-4C88-82B2-A3008D92E68A}.Debug|Any CPU.Build.0 = Debug|Any CPU
		{742ADAE0-E4AF-4C88-82B2-A3008D92E68A}.Release|Any CPU.ActiveCfg = Release|Any CPU
		{742ADAE0-E4AF-4C88-82B2-A3008D92E68A}.Release|Any CPU.Build.0 = Release|Any CPU
		{81DDED9D-158B-E303-5F62-77A2896D2A5A}.Debug|Any CPU.ActiveCfg = Debug|Any CPU
		{81DDED9D-158B-E303-5F62-77A2896D2A5A}.Debug|Any CPU.Build.0 = Debug|Any CPU
		{81DDED9D-158B-E303-5F62-77A2896D2A5A}.Release|Any CPU.ActiveCfg = Release|Any CPU
		{81DDED9D-158B-E303-5F62-77A2896D2A5A}.Release|Any CPU.Build.0 = Release|Any CPU
	EndGlobalSection
	GlobalSection(SolutionProperties) = preSolution
		HideSolutionNode = FALSE
	EndGlobalSection
	GlobalSection(ExtensibilityGlobals) = postSolution
		SolutionGuid = {FF0EF9ED-76ED-414A-B981-61B6E70A6FA5}
	EndGlobalSection
EndGlobal
